// !$*UTF8*$!
{
	archiveVersion = 1;
	classes = {
	};
	objectVersion = 46;
	objects = {

/* Begin PBXBuildFile section */
		423803211574340C00A4BC5C /* UIKit.framework in Frameworks */ = {isa = PBXBuildFile; fileRef = 423803201574340C00A4BC5C /* UIKit.framework */; };
		423803231574340C00A4BC5C /* Foundation.framework in Frameworks */ = {isa = PBXBuildFile; fileRef = 423803221574340C00A4BC5C /* Foundation.framework */; };
		423803251574340C00A4BC5C /* CoreGraphics.framework in Frameworks */ = {isa = PBXBuildFile; fileRef = 423803241574340C00A4BC5C /* CoreGraphics.framework */; };
		423803271574340C00A4BC5C /* CoreData.framework in Frameworks */ = {isa = PBXBuildFile; fileRef = 423803261574340C00A4BC5C /* CoreData.framework */; };
		4238032D1574340C00A4BC5C /* InfoPlist.strings in Resources */ = {isa = PBXBuildFile; fileRef = 4238032B1574340C00A4BC5C /* InfoPlist.strings */; };
		4238032F1574340C00A4BC5C /* main.m in Sources */ = {isa = PBXBuildFile; fileRef = 4238032E1574340C00A4BC5C /* main.m */; };
		423803331574340C00A4BC5C /* BSAppDelegate.m in Sources */ = {isa = PBXBuildFile; fileRef = 423803321574340C00A4BC5C /* BSAppDelegate.m */; };
		423803361574340C00A4BC5C /* BulkScan.xcdatamodeld in Sources */ = {isa = PBXBuildFile; fileRef = 423803341574340C00A4BC5C /* BulkScan.xcdatamodeld */; };
		423803391574340C00A4BC5C /* BSMasterViewController.m in Sources */ = {isa = PBXBuildFile; fileRef = 423803381574340C00A4BC5C /* BSMasterViewController.m */; };
		4238033C1574340C00A4BC5C /* BSDetailViewController.m in Sources */ = {isa = PBXBuildFile; fileRef = 4238033B1574340C00A4BC5C /* BSDetailViewController.m */; };
		4238033F1574340C00A4BC5C /* BSMasterViewController.xib in Resources */ = {isa = PBXBuildFile; fileRef = 4238033D1574340C00A4BC5C /* BSMasterViewController.xib */; };
		423803421574340C00A4BC5C /* BSDetailViewController.xib in Resources */ = {isa = PBXBuildFile; fileRef = 423803401574340C00A4BC5C /* BSDetailViewController.xib */; };
		4238034A1574340C00A4BC5C /* SenTestingKit.framework in Frameworks */ = {isa = PBXBuildFile; fileRef = 423803491574340C00A4BC5C /* SenTestingKit.framework */; };
		4238034B1574340C00A4BC5C /* UIKit.framework in Frameworks */ = {isa = PBXBuildFile; fileRef = 423803201574340C00A4BC5C /* UIKit.framework */; };
		4238034C1574340C00A4BC5C /* Foundation.framework in Frameworks */ = {isa = PBXBuildFile; fileRef = 423803221574340C00A4BC5C /* Foundation.framework */; };
		4238034D1574340C00A4BC5C /* CoreData.framework in Frameworks */ = {isa = PBXBuildFile; fileRef = 423803261574340C00A4BC5C /* CoreData.framework */; };
		423803551574340C00A4BC5C /* InfoPlist.strings in Resources */ = {isa = PBXBuildFile; fileRef = 423803531574340C00A4BC5C /* InfoPlist.strings */; };
		423803581574340C00A4BC5C /* BulkScanTests.m in Sources */ = {isa = PBXBuildFile; fileRef = 423803571574340C00A4BC5C /* BulkScanTests.m */; };
		423803621574584A00A4BC5C /* libzbar.a in Frameworks */ = {isa = PBXBuildFile; fileRef = 423803611574584A00A4BC5C /* libzbar.a */; };
		4238037E1574598200A4BC5C /* BSEditViewController.m in Sources */ = {isa = PBXBuildFile; fileRef = 4238037C1574598200A4BC5C /* BSEditViewController.m */; };
		4238037F1574598200A4BC5C /* BSEditViewController.xib in Resources */ = {isa = PBXBuildFile; fileRef = 4238037D1574598200A4BC5C /* BSEditViewController.xib */; };
		4238038315745BDA00A4BC5C /* ScanRecord.m in Sources */ = {isa = PBXBuildFile; fileRef = 4238038215745BDA00A4BC5C /* ScanRecord.m */; };
		4238038515745FC000A4BC5C /* AVFoundation.framework in Frameworks */ = {isa = PBXBuildFile; fileRef = 4238038415745FC000A4BC5C /* AVFoundation.framework */; };
		4238038715745FC500A4BC5C /* CoreMedia.framework in Frameworks */ = {isa = PBXBuildFile; fileRef = 4238038615745FC500A4BC5C /* CoreMedia.framework */; };
		4238038915745FCA00A4BC5C /* CoreVideo.framework in Frameworks */ = {isa = PBXBuildFile; fileRef = 4238038815745FCA00A4BC5C /* CoreVideo.framework */; };
		4238038B15745FCE00A4BC5C /* QuartzCore.framework in Frameworks */ = {isa = PBXBuildFile; fileRef = 4238038A15745FCE00A4BC5C /* QuartzCore.framework */; };
		4238038D15745FD300A4BC5C /* libiconv.dylib in Frameworks */ = {isa = PBXBuildFile; fileRef = 4238038C15745FD300A4BC5C /* libiconv.dylib */; };
		423803AE157463DE00A4BC5C /* CHCSVWriter.m in Sources */ = {isa = PBXBuildFile; fileRef = 42380399157463DD00A4BC5C /* CHCSVWriter.m */; settings = {COMPILER_FLAGS = "-fno-objc-arc"; }; };
		423803C3157464A500A4BC5C /* CSVHelper.m in Sources */ = {isa = PBXBuildFile; fileRef = 423803C2157464A500A4BC5C /* CSVHelper.m */; };
		423803C51574681A00A4BC5C /* MessageUI.framework in Frameworks */ = {isa = PBXBuildFile; fileRef = 423803C41574681A00A4BC5C /* MessageUI.framework */; };
		423803C715746E8500A4BC5C /* Icon.png in Resources */ = {isa = PBXBuildFile; fileRef = 423803C615746E8500A4BC5C /* Icon.png */; };
		42567E94159FBEBA0056EE5B /* AlertHelper.m in Sources */ = {isa = PBXBuildFile; fileRef = 42567E93159FBEBA0056EE5B /* AlertHelper.m */; };
/* End PBXBuildFile section */

/* Begin PBXContainerItemProxy section */
		4238034E1574340C00A4BC5C /* PBXContainerItemProxy */ = {
			isa = PBXContainerItemProxy;
			containerPortal = 423803131574340C00A4BC5C /* Project object */;
			proxyType = 1;
			remoteGlobalIDString = 4238031B1574340C00A4BC5C;
			remoteInfo = BulkScan;
		};
		423803BB157463DE00A4BC5C /* PBXContainerItemProxy */ = {
			isa = PBXContainerItemProxy;
			containerPortal = 42380394157463DD00A4BC5C /* CHCSVParser.xcodeproj */;
			proxyType = 2;
			remoteGlobalIDString = 8DD76FA10486AA7600D96B5E;
			remoteInfo = CHCSVParser;
		};
		423803BD157463DE00A4BC5C /* PBXContainerItemProxy */ = {
			isa = PBXContainerItemProxy;
			containerPortal = 42380394157463DD00A4BC5C /* CHCSVParser.xcodeproj */;
			proxyType = 2;
			remoteGlobalIDString = 557FD0531204A70D009FCDBA;
			remoteInfo = "Unit Tests";
		};
/* End PBXContainerItemProxy section */

/* Begin PBXFileReference section */
		4238031C1574340C00A4BC5C /* BulkScan.app */ = {isa = PBXFileReference; explicitFileType = wrapper.application; includeInIndex = 0; path = BulkScan.app; sourceTree = BUILT_PRODUCTS_DIR; };
		423803201574340C00A4BC5C /* UIKit.framework */ = {isa = PBXFileReference; lastKnownFileType = wrapper.framework; name = UIKit.framework; path = System/Library/Frameworks/UIKit.framework; sourceTree = SDKROOT; };
		423803221574340C00A4BC5C /* Foundation.framework */ = {isa = PBXFileReference; lastKnownFileType = wrapper.framework; name = Foundation.framework; path = System/Library/Frameworks/Foundation.framework; sourceTree = SDKROOT; };
		423803241574340C00A4BC5C /* CoreGraphics.framework */ = {isa = PBXFileReference; lastKnownFileType = wrapper.framework; name = CoreGraphics.framework; path = System/Library/Frameworks/CoreGraphics.framework; sourceTree = SDKROOT; };
		423803261574340C00A4BC5C /* CoreData.framework */ = {isa = PBXFileReference; lastKnownFileType = wrapper.framework; name = CoreData.framework; path = System/Library/Frameworks/CoreData.framework; sourceTree = SDKROOT; };
		4238032A1574340C00A4BC5C /* BulkScan-Info.plist */ = {isa = PBXFileReference; lastKnownFileType = text.plist.xml; path = "BulkScan-Info.plist"; sourceTree = "<group>"; };
		4238032C1574340C00A4BC5C /* en */ = {isa = PBXFileReference; lastKnownFileType = text.plist.strings; name = en; path = en.lproj/InfoPlist.strings; sourceTree = "<group>"; };
		4238032E1574340C00A4BC5C /* main.m */ = {isa = PBXFileReference; lastKnownFileType = sourcecode.c.objc; path = main.m; sourceTree = "<group>"; };
		423803301574340C00A4BC5C /* BulkScan-Prefix.pch */ = {isa = PBXFileReference; lastKnownFileType = sourcecode.c.h; path = "BulkScan-Prefix.pch"; sourceTree = "<group>"; };
		423803311574340C00A4BC5C /* BSAppDelegate.h */ = {isa = PBXFileReference; lastKnownFileType = sourcecode.c.h; path = BSAppDelegate.h; sourceTree = "<group>"; };
		423803321574340C00A4BC5C /* BSAppDelegate.m */ = {isa = PBXFileReference; lastKnownFileType = sourcecode.c.objc; path = BSAppDelegate.m; sourceTree = "<group>"; };
		423803351574340C00A4BC5C /* BulkScan.xcdatamodel */ = {isa = PBXFileReference; lastKnownFileType = wrapper.xcdatamodel; path = BulkScan.xcdatamodel; sourceTree = "<group>"; };
		423803371574340C00A4BC5C /* BSMasterViewController.h */ = {isa = PBXFileReference; lastKnownFileType = sourcecode.c.h; path = BSMasterViewController.h; sourceTree = "<group>"; };
		423803381574340C00A4BC5C /* BSMasterViewController.m */ = {isa = PBXFileReference; lastKnownFileType = sourcecode.c.objc; path = BSMasterViewController.m; sourceTree = "<group>"; };
		4238033A1574340C00A4BC5C /* BSDetailViewController.h */ = {isa = PBXFileReference; lastKnownFileType = sourcecode.c.h; path = BSDetailViewController.h; sourceTree = "<group>"; };
		4238033B1574340C00A4BC5C /* BSDetailViewController.m */ = {isa = PBXFileReference; lastKnownFileType = sourcecode.c.objc; path = BSDetailViewController.m; sourceTree = "<group>"; };
		4238033E1574340C00A4BC5C /* en */ = {isa = PBXFileReference; lastKnownFileType = file.xib; name = en; path = en.lproj/BSMasterViewController.xib; sourceTree = "<group>"; };
		423803411574340C00A4BC5C /* en */ = {isa = PBXFileReference; lastKnownFileType = file.xib; name = en; path = en.lproj/BSDetailViewController.xib; sourceTree = "<group>"; };
		423803481574340C00A4BC5C /* BulkScanTests.octest */ = {isa = PBXFileReference; explicitFileType = wrapper.cfbundle; includeInIndex = 0; path = BulkScanTests.octest; sourceTree = BUILT_PRODUCTS_DIR; };
		423803491574340C00A4BC5C /* SenTestingKit.framework */ = {isa = PBXFileReference; lastKnownFileType = wrapper.framework; name = SenTestingKit.framework; path = Library/Frameworks/SenTestingKit.framework; sourceTree = DEVELOPER_DIR; };
		423803521574340C00A4BC5C /* BulkScanTests-Info.plist */ = {isa = PBXFileReference; lastKnownFileType = text.plist.xml; path = "BulkScanTests-Info.plist"; sourceTree = "<group>"; };
		423803541574340C00A4BC5C /* en */ = {isa = PBXFileReference; lastKnownFileType = text.plist.strings; name = en; path = en.lproj/InfoPlist.strings; sourceTree = "<group>"; };
		423803561574340C00A4BC5C /* BulkScanTests.h */ = {isa = PBXFileReference; lastKnownFileType = sourcecode.c.h; path = BulkScanTests.h; sourceTree = "<group>"; };
		423803571574340C00A4BC5C /* BulkScanTests.m */ = {isa = PBXFileReference; lastKnownFileType = sourcecode.c.objc; path = BulkScanTests.m; sourceTree = "<group>"; };
		423803611574584A00A4BC5C /* libzbar.a */ = {isa = PBXFileReference; lastKnownFileType = archive.ar; name = libzbar.a; path = Libraries/ZBarSDK/libzbar.a; sourceTree = "<group>"; };
		423803671574585B00A4BC5C /* Decoder.h */ = {isa = PBXFileReference; fileEncoding = 4; lastKnownFileType = sourcecode.c.h; path = Decoder.h; sourceTree = "<group>"; };
		423803681574585B00A4BC5C /* Exception.h */ = {isa = PBXFileReference; fileEncoding = 4; lastKnownFileType = sourcecode.c.h; path = Exception.h; sourceTree = "<group>"; };
		423803691574585B00A4BC5C /* Image.h */ = {isa = PBXFileReference; fileEncoding = 4; lastKnownFileType = sourcecode.c.h; path = Image.h; sourceTree = "<group>"; };
		4238036A1574585B00A4BC5C /* ImageScanner.h */ = {isa = PBXFileReference; fileEncoding = 4; lastKnownFileType = sourcecode.c.h; path = ImageScanner.h; sourceTree = "<group>"; };
		4238036B1574585B00A4BC5C /* Processor.h */ = {isa = PBXFileReference; fileEncoding = 4; lastKnownFileType = sourcecode.c.h; path = Processor.h; sourceTree = "<group>"; };
		4238036C1574585B00A4BC5C /* Scanner.h */ = {isa = PBXFileReference; fileEncoding = 4; lastKnownFileType = sourcecode.c.h; path = Scanner.h; sourceTree = "<group>"; };
		4238036D1574585B00A4BC5C /* Symbol.h */ = {isa = PBXFileReference; fileEncoding = 4; lastKnownFileType = sourcecode.c.h; path = Symbol.h; sourceTree = "<group>"; };
		4238036E1574585B00A4BC5C /* Video.h */ = {isa = PBXFileReference; fileEncoding = 4; lastKnownFileType = sourcecode.c.h; path = Video.h; sourceTree = "<group>"; };
		4238036F1574585B00A4BC5C /* Window.h */ = {isa = PBXFileReference; fileEncoding = 4; lastKnownFileType = sourcecode.c.h; path = Window.h; sourceTree = "<group>"; };
		423803701574585B00A4BC5C /* zbar.h */ = {isa = PBXFileReference; fileEncoding = 4; lastKnownFileType = sourcecode.c.h; path = zbar.h; sourceTree = "<group>"; };
		423803711574585B00A4BC5C /* ZBarCameraSimulator.h */ = {isa = PBXFileReference; fileEncoding = 4; lastKnownFileType = sourcecode.c.h; path = ZBarCameraSimulator.h; sourceTree = "<group>"; };
		423803721574585B00A4BC5C /* ZBarCaptureReader.h */ = {isa = PBXFileReference; fileEncoding = 4; lastKnownFileType = sourcecode.c.h; path = ZBarCaptureReader.h; sourceTree = "<group>"; };
		423803731574585B00A4BC5C /* ZBarHelpController.h */ = {isa = PBXFileReference; fileEncoding = 4; lastKnownFileType = sourcecode.c.h; path = ZBarHelpController.h; sourceTree = "<group>"; };
		423803741574585B00A4BC5C /* ZBarImage.h */ = {isa = PBXFileReference; fileEncoding = 4; lastKnownFileType = sourcecode.c.h; path = ZBarImage.h; sourceTree = "<group>"; };
		423803751574585B00A4BC5C /* ZBarImageScanner.h */ = {isa = PBXFileReference; fileEncoding = 4; lastKnownFileType = sourcecode.c.h; path = ZBarImageScanner.h; sourceTree = "<group>"; };
		423803761574585B00A4BC5C /* ZBarReaderController.h */ = {isa = PBXFileReference; fileEncoding = 4; lastKnownFileType = sourcecode.c.h; path = ZBarReaderController.h; sourceTree = "<group>"; };
		423803771574585B00A4BC5C /* ZBarReaderView.h */ = {isa = PBXFileReference; fileEncoding = 4; lastKnownFileType = sourcecode.c.h; path = ZBarReaderView.h; sourceTree = "<group>"; };
		423803781574585B00A4BC5C /* ZBarReaderViewController.h */ = {isa = PBXFileReference; fileEncoding = 4; lastKnownFileType = sourcecode.c.h; path = ZBarReaderViewController.h; sourceTree = "<group>"; };
		423803791574585B00A4BC5C /* ZBarSDK.h */ = {isa = PBXFileReference; fileEncoding = 4; lastKnownFileType = sourcecode.c.h; path = ZBarSDK.h; sourceTree = "<group>"; };
		4238037A1574585B00A4BC5C /* ZBarSymbol.h */ = {isa = PBXFileReference; fileEncoding = 4; lastKnownFileType = sourcecode.c.h; path = ZBarSymbol.h; sourceTree = "<group>"; };
		4238037B1574598200A4BC5C /* BSEditViewController.h */ = {isa = PBXFileReference; fileEncoding = 4; lastKnownFileType = sourcecode.c.h; path = BSEditViewController.h; sourceTree = "<group>"; };
		4238037C1574598200A4BC5C /* BSEditViewController.m */ = {isa = PBXFileReference; fileEncoding = 4; lastKnownFileType = sourcecode.c.objc; path = BSEditViewController.m; sourceTree = "<group>"; };
		4238037D1574598200A4BC5C /* BSEditViewController.xib */ = {isa = PBXFileReference; fileEncoding = 4; lastKnownFileType = file.xib; path = BSEditViewController.xib; sourceTree = "<group>"; };
		4238038115745BDA00A4BC5C /* ScanRecord.h */ = {isa = PBXFileReference; fileEncoding = 4; lastKnownFileType = sourcecode.c.h; path = ScanRecord.h; sourceTree = "<group>"; };
		4238038215745BDA00A4BC5C /* ScanRecord.m */ = {isa = PBXFileReference; fileEncoding = 4; lastKnownFileType = sourcecode.c.objc; path = ScanRecord.m; sourceTree = "<group>"; };
		4238038415745FC000A4BC5C /* AVFoundation.framework */ = {isa = PBXFileReference; lastKnownFileType = wrapper.framework; name = AVFoundation.framework; path = System/Library/Frameworks/AVFoundation.framework; sourceTree = SDKROOT; };
		4238038615745FC500A4BC5C /* CoreMedia.framework */ = {isa = PBXFileReference; lastKnownFileType = wrapper.framework; name = CoreMedia.framework; path = System/Library/Frameworks/CoreMedia.framework; sourceTree = SDKROOT; };
		4238038815745FCA00A4BC5C /* CoreVideo.framework */ = {isa = PBXFileReference; lastKnownFileType = wrapper.framework; name = CoreVideo.framework; path = System/Library/Frameworks/CoreVideo.framework; sourceTree = SDKROOT; };
		4238038A15745FCE00A4BC5C /* QuartzCore.framework */ = {isa = PBXFileReference; lastKnownFileType = wrapper.framework; name = QuartzCore.framework; path = System/Library/Frameworks/QuartzCore.framework; sourceTree = SDKROOT; };
		4238038C15745FD300A4BC5C /* libiconv.dylib */ = {isa = PBXFileReference; lastKnownFileType = "compiled.mach-o.dylib"; name = libiconv.dylib; path = usr/lib/libiconv.dylib; sourceTree = SDKROOT; };
		42380394157463DD00A4BC5C /* CHCSVParser.xcodeproj */ = {isa = PBXFileReference; lastKnownFileType = "wrapper.pb-project"; path = CHCSVParser.xcodeproj; sourceTree = "<group>"; };
		42380398157463DD00A4BC5C /* CHCSVWriter.h */ = {isa = PBXFileReference; fileEncoding = 4; lastKnownFileType = sourcecode.c.h; path = CHCSVWriter.h; sourceTree = "<group>"; };
		42380399157463DD00A4BC5C /* CHCSVWriter.m */ = {isa = PBXFileReference; fileEncoding = 4; lastKnownFileType = sourcecode.c.objc; path = CHCSVWriter.m; sourceTree = "<group>"; };
		423803C1157464A500A4BC5C /* CSVHelper.h */ = {isa = PBXFileReference; fileEncoding = 4; lastKnownFileType = sourcecode.c.h; path = CSVHelper.h; sourceTree = "<group>"; };
		423803C2157464A500A4BC5C /* CSVHelper.m */ = {isa = PBXFileReference; fileEncoding = 4; lastKnownFileType = sourcecode.c.objc; path = CSVHelper.m; sourceTree = "<group>"; };
		423803C41574681A00A4BC5C /* MessageUI.framework */ = {isa = PBXFileReference; lastKnownFileType = wrapper.framework; name = MessageUI.framework; path = System/Library/Frameworks/MessageUI.framework; sourceTree = SDKROOT; };
		423803C615746E8500A4BC5C /* Icon.png */ = {isa = PBXFileReference; lastKnownFileType = image.png; path = Icon.png; sourceTree = "<group>"; };
		423803CD1574706C00A4BC5C /* BulkScan.entitlements */ = {isa = PBXFileReference; lastKnownFileType = text.xml; name = BulkScan.entitlements; path = BulkScan/BulkScan.entitlements; sourceTree = "<group>"; };
		42567E92159FBEBA0056EE5B /* AlertHelper.h */ = {isa = PBXFileReference; fileEncoding = 4; lastKnownFileType = sourcecode.c.h; path = AlertHelper.h; sourceTree = "<group>"; };
		42567E93159FBEBA0056EE5B /* AlertHelper.m */ = {isa = PBXFileReference; fileEncoding = 4; lastKnownFileType = sourcecode.c.objc; path = AlertHelper.m; sourceTree = "<group>"; };
/* End PBXFileReference section */

/* Begin PBXFrameworksBuildPhase section */
		423803191574340C00A4BC5C /* Frameworks */ = {
			isa = PBXFrameworksBuildPhase;
			buildActionMask = 2147483647;
			files = (
				423803C51574681A00A4BC5C /* MessageUI.framework in Frameworks */,
				4238038D15745FD300A4BC5C /* libiconv.dylib in Frameworks */,
				4238038B15745FCE00A4BC5C /* QuartzCore.framework in Frameworks */,
				4238038915745FCA00A4BC5C /* CoreVideo.framework in Frameworks */,
				4238038715745FC500A4BC5C /* CoreMedia.framework in Frameworks */,
				4238038515745FC000A4BC5C /* AVFoundation.framework in Frameworks */,
				423803211574340C00A4BC5C /* UIKit.framework in Frameworks */,
				423803231574340C00A4BC5C /* Foundation.framework in Frameworks */,
				423803251574340C00A4BC5C /* CoreGraphics.framework in Frameworks */,
				423803271574340C00A4BC5C /* CoreData.framework in Frameworks */,
				423803621574584A00A4BC5C /* libzbar.a in Frameworks */,
			);
			runOnlyForDeploymentPostprocessing = 0;
		};
		423803441574340C00A4BC5C /* Frameworks */ = {
			isa = PBXFrameworksBuildPhase;
			buildActionMask = 2147483647;
			files = (
				4238034A1574340C00A4BC5C /* SenTestingKit.framework in Frameworks */,
				4238034B1574340C00A4BC5C /* UIKit.framework in Frameworks */,
				4238034C1574340C00A4BC5C /* Foundation.framework in Frameworks */,
				4238034D1574340C00A4BC5C /* CoreData.framework in Frameworks */,
			);
			runOnlyForDeploymentPostprocessing = 0;
		};
/* End PBXFrameworksBuildPhase section */

/* Begin PBXGroup section */
		423803111574340C00A4BC5C = {
			isa = PBXGroup;
			children = (
				423803C815746E8C00A4BC5C /* Resources */,
				423803291574340C00A4BC5C /* Supporting Files */,
				423803641574585000A4BC5C /* Libraries */,
				423803281574340C00A4BC5C /* Classes */,
				423803501574340C00A4BC5C /* BulkScanTests */,
				4238031F1574340C00A4BC5C /* Frameworks */,
				4238031D1574340C00A4BC5C /* Products */,
			);
			sourceTree = "<group>";
		};
		4238031D1574340C00A4BC5C /* Products */ = {
			isa = PBXGroup;
			children = (
				4238031C1574340C00A4BC5C /* BulkScan.app */,
				423803481574340C00A4BC5C /* BulkScanTests.octest */,
			);
			name = Products;
			sourceTree = "<group>";
		};
		4238031F1574340C00A4BC5C /* Frameworks */ = {
			isa = PBXGroup;
			children = (
				4238038C15745FD300A4BC5C /* libiconv.dylib */,
				423803C41574681A00A4BC5C /* MessageUI.framework */,
				4238038A15745FCE00A4BC5C /* QuartzCore.framework */,
				4238038815745FCA00A4BC5C /* CoreVideo.framework */,
				4238038615745FC500A4BC5C /* CoreMedia.framework */,
				4238038415745FC000A4BC5C /* AVFoundation.framework */,
				423803201574340C00A4BC5C /* UIKit.framework */,
				423803221574340C00A4BC5C /* Foundation.framework */,
				423803241574340C00A4BC5C /* CoreGraphics.framework */,
				423803261574340C00A4BC5C /* CoreData.framework */,
				423803491574340C00A4BC5C /* SenTestingKit.framework */,
			);
			name = Frameworks;
			sourceTree = "<group>";
		};
		423803281574340C00A4BC5C /* Classes */ = {
			isa = PBXGroup;
			children = (
				423803C01574649900A4BC5C /* Helpers */,
				423803BF1574648F00A4BC5C /* ViewControllers */,
				4238038015745BD100A4BC5C /* Model */,
				423803311574340C00A4BC5C /* BSAppDelegate.h */,
				423803321574340C00A4BC5C /* BSAppDelegate.m */,
			);
			name = Classes;
			path = BulkScan;
			sourceTree = "<group>";
		};
		423803291574340C00A4BC5C /* Supporting Files */ = {
			isa = PBXGroup;
			children = (
				4238032A1574340C00A4BC5C /* BulkScan-Info.plist */,
				4238032B1574340C00A4BC5C /* InfoPlist.strings */,
				4238032E1574340C00A4BC5C /* main.m */,
				423803301574340C00A4BC5C /* BulkScan-Prefix.pch */,
			);
			name = "Supporting Files";
			path = BulkScan;
			sourceTree = "<group>";
		};
		423803501574340C00A4BC5C /* BulkScanTests */ = {
			isa = PBXGroup;
			children = (
				423803561574340C00A4BC5C /* BulkScanTests.h */,
				423803571574340C00A4BC5C /* BulkScanTests.m */,
				423803511574340C00A4BC5C /* Supporting Files */,
			);
			path = BulkScanTests;
			sourceTree = "<group>";
		};
		423803511574340C00A4BC5C /* Supporting Files */ = {
			isa = PBXGroup;
			children = (
				423803521574340C00A4BC5C /* BulkScanTests-Info.plist */,
				423803531574340C00A4BC5C /* InfoPlist.strings */,
			);
			name = "Supporting Files";
			sourceTree = "<group>";
		};
		423803631574584C00A4BC5C /* ZBar */ = {
			isa = PBXGroup;
			children = (
				423803651574585B00A4BC5C /* ZBarSDK */,
				423803611574584A00A4BC5C /* libzbar.a */,
			);
			name = ZBar;
			sourceTree = "<group>";
		};
		423803641574585000A4BC5C /* Libraries */ = {
			isa = PBXGroup;
			children = (
				4238038E157463DD00A4BC5C /* CHCSVParser */,
				423803631574584C00A4BC5C /* ZBar */,
			);
			name = Libraries;
			sourceTree = "<group>";
		};
		423803651574585B00A4BC5C /* ZBarSDK */ = {
			isa = PBXGroup;
			children = (
				423803661574585B00A4BC5C /* zbar */,
				423803701574585B00A4BC5C /* zbar.h */,
				423803711574585B00A4BC5C /* ZBarCameraSimulator.h */,
				423803721574585B00A4BC5C /* ZBarCaptureReader.h */,
				423803731574585B00A4BC5C /* ZBarHelpController.h */,
				423803741574585B00A4BC5C /* ZBarImage.h */,
				423803751574585B00A4BC5C /* ZBarImageScanner.h */,
				423803761574585B00A4BC5C /* ZBarReaderController.h */,
				423803771574585B00A4BC5C /* ZBarReaderView.h */,
				423803781574585B00A4BC5C /* ZBarReaderViewController.h */,
				423803791574585B00A4BC5C /* ZBarSDK.h */,
				4238037A1574585B00A4BC5C /* ZBarSymbol.h */,
			);
			name = ZBarSDK;
			path = Libraries/ZBarSDK/Headers/ZBarSDK;
			sourceTree = "<group>";
		};
		423803661574585B00A4BC5C /* zbar */ = {
			isa = PBXGroup;
			children = (
				423803671574585B00A4BC5C /* Decoder.h */,
				423803681574585B00A4BC5C /* Exception.h */,
				423803691574585B00A4BC5C /* Image.h */,
				4238036A1574585B00A4BC5C /* ImageScanner.h */,
				4238036B1574585B00A4BC5C /* Processor.h */,
				4238036C1574585B00A4BC5C /* Scanner.h */,
				4238036D1574585B00A4BC5C /* Symbol.h */,
				4238036E1574585B00A4BC5C /* Video.h */,
				4238036F1574585B00A4BC5C /* Window.h */,
			);
			path = zbar;
			sourceTree = "<group>";
		};
		4238038015745BD100A4BC5C /* Model */ = {
			isa = PBXGroup;
			children = (
				4238038115745BDA00A4BC5C /* ScanRecord.h */,
				4238038215745BDA00A4BC5C /* ScanRecord.m */,
				423803341574340C00A4BC5C /* BulkScan.xcdatamodeld */,
			);
			name = Model;
			sourceTree = "<group>";
		};
		4238038E157463DD00A4BC5C /* CHCSVParser */ = {
			isa = PBXGroup;
			children = (
				42380394157463DD00A4BC5C /* CHCSVParser.xcodeproj */,
				42380398157463DD00A4BC5C /* CHCSVWriter.h */,
				42380399157463DD00A4BC5C /* CHCSVWriter.m */,
			);
			name = CHCSVParser;
			path = Libraries/CHCSVParser;
			sourceTree = "<group>";
		};
		42380395157463DD00A4BC5C /* Products */ = {
			isa = PBXGroup;
			children = (
				423803BC157463DE00A4BC5C /* CHCSVParser */,
				423803BE157463DE00A4BC5C /* Unit Tests.octest */,
			);
			name = Products;
			sourceTree = "<group>";
		};
		423803BF1574648F00A4BC5C /* ViewControllers */ = {
			isa = PBXGroup;
			children = (
				423803371574340C00A4BC5C /* BSMasterViewController.h */,
				423803381574340C00A4BC5C /* BSMasterViewController.m */,
				4238033A1574340C00A4BC5C /* BSDetailViewController.h */,
				4238033B1574340C00A4BC5C /* BSDetailViewController.m */,
				4238033D1574340C00A4BC5C /* BSMasterViewController.xib */,
				423803401574340C00A4BC5C /* BSDetailViewController.xib */,
				4238037B1574598200A4BC5C /* BSEditViewController.h */,
				4238037C1574598200A4BC5C /* BSEditViewController.m */,
				4238037D1574598200A4BC5C /* BSEditViewController.xib */,
			);
			name = ViewControllers;
			sourceTree = "<group>";
		};
		423803C01574649900A4BC5C /* Helpers */ = {
			isa = PBXGroup;
			children = (
				423803C1157464A500A4BC5C /* CSVHelper.h */,
				423803C2157464A500A4BC5C /* CSVHelper.m */,
				42567E92159FBEBA0056EE5B /* AlertHelper.h */,
				42567E93159FBEBA0056EE5B /* AlertHelper.m */,
			);
			name = Helpers;
			sourceTree = "<group>";
		};
		423803C815746E8C00A4BC5C /* Resources */ = {
			isa = PBXGroup;
			children = (
				423803CD1574706C00A4BC5C /* BulkScan.entitlements */,
				423803C615746E8500A4BC5C /* Icon.png */,
			);
			name = Resources;
			sourceTree = "<group>";
		};
/* End PBXGroup section */

/* Begin PBXNativeTarget section */
		4238031B1574340C00A4BC5C /* BulkScan */ = {
			isa = PBXNativeTarget;
			buildConfigurationList = 4238035B1574340C00A4BC5C /* Build configuration list for PBXNativeTarget "BulkScan" */;
			buildPhases = (
				423803181574340C00A4BC5C /* Sources */,
				423803191574340C00A4BC5C /* Frameworks */,
				4238031A1574340C00A4BC5C /* Resources */,
			);
			buildRules = (
			);
			dependencies = (
			);
			name = BulkScan;
			productName = BulkScan;
			productReference = 4238031C1574340C00A4BC5C /* BulkScan.app */;
			productType = "com.apple.product-type.application";
		};
		423803471574340C00A4BC5C /* BulkScanTests */ = {
			isa = PBXNativeTarget;
			buildConfigurationList = 4238035E1574340C00A4BC5C /* Build configuration list for PBXNativeTarget "BulkScanTests" */;
			buildPhases = (
				423803431574340C00A4BC5C /* Sources */,
				423803441574340C00A4BC5C /* Frameworks */,
				423803451574340C00A4BC5C /* Resources */,
				423803461574340C00A4BC5C /* ShellScript */,
			);
			buildRules = (
			);
			dependencies = (
				4238034F1574340C00A4BC5C /* PBXTargetDependency */,
			);
			name = BulkScanTests;
			productName = BulkScanTests;
			productReference = 423803481574340C00A4BC5C /* BulkScanTests.octest */;
			productType = "com.apple.product-type.bundle";
		};
/* End PBXNativeTarget section */

/* Begin PBXProject section */
		423803131574340C00A4BC5C /* Project object */ = {
			isa = PBXProject;
			attributes = {
				CLASSPREFIX = BS;
				LastUpgradeCheck = 0430;
				ORGANIZATIONNAME = "Gargoyle Software";
			};
			buildConfigurationList = 423803161574340C00A4BC5C /* Build configuration list for PBXProject "BulkScan" */;
			compatibilityVersion = "Xcode 3.2";
			developmentRegion = English;
			hasScannedForEncodings = 0;
			knownRegions = (
				en,
			);
			mainGroup = 423803111574340C00A4BC5C;
			productRefGroup = 4238031D1574340C00A4BC5C /* Products */;
			projectDirPath = "";
			projectReferences = (
				{
					ProductGroup = 42380395157463DD00A4BC5C /* Products */;
					ProjectRef = 42380394157463DD00A4BC5C /* CHCSVParser.xcodeproj */;
				},
			);
			projectRoot = "";
			targets = (
				4238031B1574340C00A4BC5C /* BulkScan */,
				423803471574340C00A4BC5C /* BulkScanTests */,
			);
		};
/* End PBXProject section */

/* Begin PBXReferenceProxy section */
		423803BC157463DE00A4BC5C /* CHCSVParser */ = {
			isa = PBXReferenceProxy;
			fileType = "compiled.mach-o.executable";
			path = CHCSVParser;
			remoteRef = 423803BB157463DE00A4BC5C /* PBXContainerItemProxy */;
			sourceTree = BUILT_PRODUCTS_DIR;
		};
		423803BE157463DE00A4BC5C /* Unit Tests.octest */ = {
			isa = PBXReferenceProxy;
			fileType = wrapper.cfbundle;
			path = "Unit Tests.octest";
			remoteRef = 423803BD157463DE00A4BC5C /* PBXContainerItemProxy */;
			sourceTree = BUILT_PRODUCTS_DIR;
		};
/* End PBXReferenceProxy section */

/* Begin PBXResourcesBuildPhase section */
		4238031A1574340C00A4BC5C /* Resources */ = {
			isa = PBXResourcesBuildPhase;
			buildActionMask = 2147483647;
			files = (
				4238032D1574340C00A4BC5C /* InfoPlist.strings in Resources */,
				4238033F1574340C00A4BC5C /* BSMasterViewController.xib in Resources */,
				423803421574340C00A4BC5C /* BSDetailViewController.xib in Resources */,
				4238037F1574598200A4BC5C /* BSEditViewController.xib in Resources */,
				423803C715746E8500A4BC5C /* Icon.png in Resources */,
			);
			runOnlyForDeploymentPostprocessing = 0;
		};
		423803451574340C00A4BC5C /* Resources */ = {
			isa = PBXResourcesBuildPhase;
			buildActionMask = 2147483647;
			files = (
				423803551574340C00A4BC5C /* InfoPlist.strings in Resources */,
			);
			runOnlyForDeploymentPostprocessing = 0;
		};
/* End PBXResourcesBuildPhase section */

/* Begin PBXShellScriptBuildPhase section */
		423803461574340C00A4BC5C /* ShellScript */ = {
			isa = PBXShellScriptBuildPhase;
			buildActionMask = 2147483647;
			files = (
			);
			inputPaths = (
			);
			outputPaths = (
			);
			runOnlyForDeploymentPostprocessing = 0;
			shellPath = /bin/sh;
			shellScript = "# Run the unit tests in this test bundle.\n\"${SYSTEM_DEVELOPER_DIR}/Tools/RunUnitTests\"\n";
		};
/* End PBXShellScriptBuildPhase section */

/* Begin PBXSourcesBuildPhase section */
		423803181574340C00A4BC5C /* Sources */ = {
			isa = PBXSourcesBuildPhase;
			buildActionMask = 2147483647;
			files = (
				4238032F1574340C00A4BC5C /* main.m in Sources */,
				423803331574340C00A4BC5C /* BSAppDelegate.m in Sources */,
				423803361574340C00A4BC5C /* BulkScan.xcdatamodeld in Sources */,
				423803391574340C00A4BC5C /* BSMasterViewController.m in Sources */,
				4238033C1574340C00A4BC5C /* BSDetailViewController.m in Sources */,
				4238037E1574598200A4BC5C /* BSEditViewController.m in Sources */,
				4238038315745BDA00A4BC5C /* ScanRecord.m in Sources */,
				423803AE157463DE00A4BC5C /* CHCSVWriter.m in Sources */,
				423803C3157464A500A4BC5C /* CSVHelper.m in Sources */,
				42567E94159FBEBA0056EE5B /* AlertHelper.m in Sources */,
			);
			runOnlyForDeploymentPostprocessing = 0;
		};
		423803431574340C00A4BC5C /* Sources */ = {
			isa = PBXSourcesBuildPhase;
			buildActionMask = 2147483647;
			files = (
				423803581574340C00A4BC5C /* BulkScanTests.m in Sources */,
			);
			runOnlyForDeploymentPostprocessing = 0;
		};
/* End PBXSourcesBuildPhase section */

/* Begin PBXTargetDependency section */
		4238034F1574340C00A4BC5C /* PBXTargetDependency */ = {
			isa = PBXTargetDependency;
			target = 4238031B1574340C00A4BC5C /* BulkScan */;
			targetProxy = 4238034E1574340C00A4BC5C /* PBXContainerItemProxy */;
		};
/* End PBXTargetDependency section */

/* Begin PBXVariantGroup section */
		4238032B1574340C00A4BC5C /* InfoPlist.strings */ = {
			isa = PBXVariantGroup;
			children = (
				4238032C1574340C00A4BC5C /* en */,
			);
			name = InfoPlist.strings;
			sourceTree = "<group>";
		};
		4238033D1574340C00A4BC5C /* BSMasterViewController.xib */ = {
			isa = PBXVariantGroup;
			children = (
				4238033E1574340C00A4BC5C /* en */,
			);
			name = BSMasterViewController.xib;
			sourceTree = "<group>";
		};
		423803401574340C00A4BC5C /* BSDetailViewController.xib */ = {
			isa = PBXVariantGroup;
			children = (
				423803411574340C00A4BC5C /* en */,
			);
			name = BSDetailViewController.xib;
			sourceTree = "<group>";
		};
		423803531574340C00A4BC5C /* InfoPlist.strings */ = {
			isa = PBXVariantGroup;
			children = (
				423803541574340C00A4BC5C /* en */,
			);
			name = InfoPlist.strings;
			sourceTree = "<group>";
		};
/* End PBXVariantGroup section */

/* Begin XCBuildConfiguration section */
		423803591574340C00A4BC5C /* Debug */ = {
			isa = XCBuildConfiguration;
			buildSettings = {
				ALWAYS_SEARCH_USER_PATHS = NO;
				ARCHS = "$(ARCHS_STANDARD_32_BIT)";
				CLANG_ENABLE_OBJC_ARC = YES;
				"CODE_SIGN_IDENTITY[sdk=iphoneos*]" = "iPhone Developer";
				COPY_PHASE_STRIP = NO;
				GCC_C_LANGUAGE_STANDARD = gnu99;
				GCC_DYNAMIC_NO_PIC = NO;
				GCC_OPTIMIZATION_LEVEL = 0;
				GCC_PREPROCESSOR_DEFINITIONS = (
					"DEBUG=1",
					"$(inherited)",
				);
				GCC_SYMBOLS_PRIVATE_EXTERN = NO;
				GCC_VERSION = com.apple.compilers.llvm.clang.1_0;
				GCC_WARN_ABOUT_RETURN_TYPE = YES;
				GCC_WARN_UNINITIALIZED_AUTOS = YES;
				GCC_WARN_UNUSED_VARIABLE = YES;
				IPHONEOS_DEPLOYMENT_TARGET = 5.1;
				SDKROOT = iphoneos;
			};
			name = Debug;
		};
		4238035A1574340C00A4BC5C /* Release */ = {
			isa = XCBuildConfiguration;
			buildSettings = {
				ALWAYS_SEARCH_USER_PATHS = NO;
				ARCHS = "$(ARCHS_STANDARD_32_BIT)";
				CLANG_ENABLE_OBJC_ARC = YES;
				"CODE_SIGN_IDENTITY[sdk=iphoneos*]" = "iPhone Developer";
				COPY_PHASE_STRIP = YES;
				GCC_C_LANGUAGE_STANDARD = gnu99;
				GCC_VERSION = com.apple.compilers.llvm.clang.1_0;
				GCC_WARN_ABOUT_RETURN_TYPE = YES;
				GCC_WARN_UNINITIALIZED_AUTOS = YES;
				GCC_WARN_UNUSED_VARIABLE = YES;
				IPHONEOS_DEPLOYMENT_TARGET = 5.1;
				OTHER_CFLAGS = "-DNS_BLOCK_ASSERTIONS=1";
				SDKROOT = iphoneos;
				VALIDATE_PRODUCT = YES;
			};
			name = Release;
		};
		4238035C1574340C00A4BC5C /* Debug */ = {
			isa = XCBuildConfiguration;
			buildSettings = {
				CODE_SIGN_ENTITLEMENTS = BulkScan/BulkScan.entitlements;
				GCC_PRECOMPILE_PREFIX_HEADER = YES;
				GCC_PREFIX_HEADER = "BulkScan/BulkScan-Prefix.pch";
				INFOPLIST_FILE = "BulkScan/BulkScan-Info.plist";
				LIBRARY_SEARCH_PATHS = (
					"$(inherited)",
					"\"$(SRCROOT)/Libraries/ZBarSDK\"",
				);
				PRODUCT_NAME = "$(TARGET_NAME)";
				WRAPPER_EXTENSION = app;
			};
			name = Debug;
		};
		4238035D1574340C00A4BC5C /* Release */ = {
			isa = XCBuildConfiguration;
			buildSettings = {
				CODE_SIGN_ENTITLEMENTS = BulkScan/BulkScan.entitlements;
				"CODE_SIGN_IDENTITY[sdk=iphoneos*]" = "iPhone Distribution: Gargoyle Software Limited Liability Company";
				GCC_PRECOMPILE_PREFIX_HEADER = YES;
				GCC_PREFIX_HEADER = "BulkScan/BulkScan-Prefix.pch";
				INFOPLIST_FILE = "BulkScan/BulkScan-Info.plist";
				LIBRARY_SEARCH_PATHS = (
					"$(inherited)",
					"\"$(SRCROOT)/Libraries/ZBarSDK\"",
				);
				PRODUCT_NAME = "$(TARGET_NAME)";
				"PROVISIONING_PROFILE[sdk=iphoneos*]" = "74D70F5B-20AD-47B1-B497-EF6C6A0D7D50";
				WRAPPER_EXTENSION = app;
			};
			name = Release;
		};
		4238035F1574340C00A4BC5C /* Debug */ = {
			isa = XCBuildConfiguration;
			buildSettings = {
				BUNDLE_LOADER = "$(BUILT_PRODUCTS_DIR)/BulkScan.app/BulkScan";
				FRAMEWORK_SEARCH_PATHS = (
					"$(SDKROOT)/Developer/Library/Frameworks",
					"$(DEVELOPER_LIBRARY_DIR)/Frameworks",
				);
				GCC_PRECOMPILE_PREFIX_HEADER = YES;
				GCC_PREFIX_HEADER = "BulkScan/BulkScan-Prefix.pch";
				INFOPLIST_FILE = "BulkScanTests/BulkScanTests-Info.plist";
				PRODUCT_NAME = "$(TARGET_NAME)";
				TEST_HOST = "$(BUNDLE_LOADER)";
				WRAPPER_EXTENSION = octest;
			};
			name = Debug;
		};
		423803601574340C00A4BC5C /* Release */ = {
			isa = XCBuildConfiguration;
			buildSettings = {
				BUNDLE_LOADER = "$(BUILT_PRODUCTS_DIR)/BulkScan.app/BulkScan";
				FRAMEWORK_SEARCH_PATHS = (
					"$(SDKROOT)/Developer/Library/Frameworks",
					"$(DEVELOPER_LIBRARY_DIR)/Frameworks",
				);
				GCC_PRECOMPILE_PREFIX_HEADER = YES;
				GCC_PREFIX_HEADER = "BulkScan/BulkScan-Prefix.pch";
				INFOPLIST_FILE = "BulkScanTests/BulkScanTests-Info.plist";
				PRODUCT_NAME = "$(TARGET_NAME)";
				TEST_HOST = "$(BUNDLE_LOADER)";
				WRAPPER_EXTENSION = octest;
			};
			name = Release;
		};
/* End XCBuildConfiguration section */

/* Begin XCConfigurationList section */
		423803161574340C00A4BC5C /* Build configuration list for PBXProject "BulkScan" */ = {
			isa = XCConfigurationList;
			buildConfigurations = (
				423803591574340C00A4BC5C /* Debug */,
				4238035A1574340C00A4BC5C /* Release */,
			);
			defaultConfigurationIsVisible = 0;
			defaultConfigurationName = Release;
		};
		4238035B1574340C00A4BC5C /* Build configuration list for PBXNativeTarget "BulkScan" */ = {
			isa = XCConfigurationList;
			buildConfigurations = (
				4238035C1574340C00A4BC5C /* Debug */,
				4238035D1574340C00A4BC5C /* Release */,
			);
			defaultConfigurationIsVisible = 0;
			defaultConfigurationName = Release;
		};
		4238035E1574340C00A4BC5C /* Build configuration list for PBXNativeTarget "BulkScanTests" */ = {
			isa = XCConfigurationList;
			buildConfigurations = (
				4238035F1574340C00A4BC5C /* Debug */,
				423803601574340C00A4BC5C /* Release */,
			);
			defaultConfigurationIsVisible = 0;
			defaultConfigurationName = Release;
		};
/* End XCConfigurationList section */

/* Begin XCVersionGroup section */
		423803341574340C00A4BC5C /* BulkScan.xcdatamodeld */ = {
			isa = XCVersionGroup;
			children = (
				423803351574340C00A4BC5C /* BulkScan.xcdatamodel */,
			);
			currentVersion = 423803351574340C00A4BC5C /* BulkScan.xcdatamodel */;
			path = BulkScan.xcdatamodeld;
			sourceTree = "<group>";
			versionGroupType = wrapper.xcdatamodel;
		};
/* End XCVersionGroup section */
	};
	rootObject = 423803131574340C00A4BC5C /* Project object */;
}
